
Microsoft Visual Studio Solution File, Format Version 12.00
# Visual Studio Version 17
VisualStudioVersion = 17.8.34511.84
MinimumVisualStudioVersion = 10.0.40219.1
Project("{FAE04EC0-301F-11D3-BF4B-00C04F79EFBC}") = "PimeiroProjeto", "PimeiroProjeto\PimeiroProjeto.csproj", "{BC4D1855-CFBC-4FAF-9B58-4C9C06749EFB}"
EndProject
Global
	GlobalSection(SolutionConfigurationPlatforms) = preSolution
		Debug|Any CPU = Debug|Any CPU
		Release|Any CPU = Release|Any CPU
	EndGlobalSection
	GlobalSection(ProjectConfigurationPlatforms) = postSolution
		{BC4D1855-CFBC-4FAF-9B58-4C9C06749EFB}.Debug|Any CPU.ActiveCfg = Debug|Any CPU
		{BC4D1855-CFBC-4FAF-9B58-4C9C06749EFB}.Debug|Any CPU.Build.0 = Debug|Any CPU
		{BC4D1855-CFBC-4FAF-9B58-4C9C06749EFB}.Release|Any CPU.ActiveCfg = Release|Any CPU
		{BC4D1855-CFBC-4FAF-9B58-4C9C06749EFB}.Release|Any CPU.Build.0 = Release|Any CPU
	EndGlobalSection
	GlobalSection(SolutionProperties) = preSolution
		HideSolutionNode = FALSE
	EndGlobalSection
	GlobalSection(ExtensibilityGlobals) = postSolution
		SolutionGuid = {BBDFE692-AAA3-4FAE-A504-F8E10DCB92A8}
	EndGlobalSection
EndGlobal
